// !$*UTF8*$!
{
	archiveVersion = 1;
	classes = {
	};
	objectVersion = 46;
	objects = {

/* Begin PBXBuildFile section */
		55C6C184EEF8026B5BD27112 /* libPods-125 项目:百思不得姐.a in Frameworks */ = {isa = PBXBuildFile; fileRef = A2503640E69369E939807B23 /* libPods-125 项目:百思不得姐.a */; };
		870DC7BD1D1B7B4E008D72ED /* Assets.xcassets in Resources */ = {isa = PBXBuildFile; fileRef = 870DC7BC1D1B7B4E008D72ED /* Assets.xcassets */; };
		870DC7CB1D1B7B4E008D72ED /* _25_________Tests.m in Sources */ = {isa = PBXBuildFile; fileRef = 870DC7CA1D1B7B4E008D72ED /* _25_________Tests.m */; };
		870DC7D61D1B7B4E008D72ED /* _25_________UITests.m in Sources */ = {isa = PBXBuildFile; fileRef = 870DC7D51D1B7B4E008D72ED /* _25_________UITests.m */; };
		870DC82B1D1BDE49008D72ED /* WDEssenceViewController.m in Sources */ = {isa = PBXBuildFile; fileRef = 870DC8031D1BDE49008D72ED /* WDEssenceViewController.m */; };
		870DC82C1D1BDE49008D72ED /* WDFriendTrendsViewController.m in Sources */ = {isa = PBXBuildFile; fileRef = 870DC8091D1BDE49008D72ED /* WDFriendTrendsViewController.m */; };
		870DC82D1D1BDE49008D72ED /* main.m in Sources */ = {isa = PBXBuildFile; fileRef = 870DC80E1D1BDE49008D72ED /* main.m */; };
		870DC82E1D1BDE49008D72ED /* WDTabBar.m in Sources */ = {isa = PBXBuildFile; fileRef = 870DC8111D1BDE49008D72ED /* WDTabBar.m */; };
		870DC8301D1BDE49008D72ED /* WDMeViewController.m in Sources */ = {isa = PBXBuildFile; fileRef = 870DC8171D1BDE49008D72ED /* WDMeViewController.m */; };
		870DC8311D1BDE49008D72ED /* WDNewViewController.m in Sources */ = {isa = PBXBuildFile; fileRef = 870DC81D1D1BDE49008D72ED /* WDNewViewController.m */; };
		870DC8321D1BDE49008D72ED /* AppDelegate.m in Sources */ = {isa = PBXBuildFile; fileRef = 870DC8221D1BDE49008D72ED /* AppDelegate.m */; };
		870DC8331D1BDE49008D72ED /* UIBarButtonItem+Category.m in Sources */ = {isa = PBXBuildFile; fileRef = 870DC8251D1BDE49008D72ED /* UIBarButtonItem+Category.m */; };
		870DC8341D1BDE49008D72ED /* UIImage+Category.m in Sources */ = {isa = PBXBuildFile; fileRef = 870DC8271D1BDE49008D72ED /* UIImage+Category.m */; };
		870DC8351D1BDE49008D72ED /* UIView+Category.m in Sources */ = {isa = PBXBuildFile; fileRef = 870DC8291D1BDE49008D72ED /* UIView+Category.m */; };
		870DC8381D1BE5FF008D72ED /* WDTabBarController.m in Sources */ = {isa = PBXBuildFile; fileRef = 870DC8371D1BE5FF008D72ED /* WDTabBarController.m */; };
		8719B5961D2E438C00BB19CB /* WDPublishView.m in Sources */ = {isa = PBXBuildFile; fileRef = 8719B5951D2E438C00BB19CB /* WDPublishView.m */; };
		8719B5981D2E439600BB19CB /* WDPublishView.xib in Resources */ = {isa = PBXBuildFile; fileRef = 8719B5971D2E439600BB19CB /* WDPublishView.xib */; };
		871B91AC1D309736007CF27C /* WDChannelCellSoundView.m in Sources */ = {isa = PBXBuildFile; fileRef = 871B91AB1D309736007CF27C /* WDChannelCellSoundView.m */; };
		871B91AE1D30974B007CF27C /* WDChannelCellSoundView.xib in Resources */ = {isa = PBXBuildFile; fileRef = 871B91AD1D30974B007CF27C /* WDChannelCellSoundView.xib */; };
		871B91B11D30A640007CF27C /* WDChannelCellVideoView.m in Sources */ = {isa = PBXBuildFile; fileRef = 871B91B01D30A640007CF27C /* WDChannelCellVideoView.m */; };
		871B91B31D30A64B007CF27C /* WDChannelCellVideoView.xib in Resources */ = {isa = PBXBuildFile; fileRef = 871B91B21D30A64B007CF27C /* WDChannelCellVideoView.xib */; };
		87233BDE1D2615E500B0AA36 /* WDChannelCellData.m in Sources */ = {isa = PBXBuildFile; fileRef = 87233BDD1D2615E500B0AA36 /* WDChannelCellData.m */; };
		87233BE11D2646DD00B0AA36 /* WDConst.m in Sources */ = {isa = PBXBuildFile; fileRef = 87233BE01D2646DD00B0AA36 /* WDConst.m */; };
		87233BE51D26511700B0AA36 /* WDChannelCell.m in Sources */ = {isa = PBXBuildFile; fileRef = 87233BE31D26511700B0AA36 /* WDChannelCell.m */; };
		87233BE61D26511700B0AA36 /* WDChannelCell.xib in Resources */ = {isa = PBXBuildFile; fileRef = 87233BE41D26511700B0AA36 /* WDChannelCell.xib */; };
		872938771D2B52BC00AE1509 /* WDChannelCellImageView.m in Sources */ = {isa = PBXBuildFile; fileRef = 872938761D2B52BC00AE1509 /* WDChannelCellImageView.m */; };
		872938791D2B52CE00AE1509 /* WDChannelCellImageView.xib in Resources */ = {isa = PBXBuildFile; fileRef = 872938781D2B52CE00AE1509 /* WDChannelCellImageView.xib */; };
		8729387C1D2BB7AA00AE1509 /* WDProgressView.m in Sources */ = {isa = PBXBuildFile; fileRef = 8729387B1D2BB7AA00AE1509 /* WDProgressView.m */; };
		872938801D2C046200AE1509 /* WDBigImageViewController.m in Sources */ = {isa = PBXBuildFile; fileRef = 8729387E1D2C046200AE1509 /* WDBigImageViewController.m */; };
		872938811D2C046200AE1509 /* WDBigImageViewController.xib in Resources */ = {isa = PBXBuildFile; fileRef = 8729387F1D2C046200AE1509 /* WDBigImageViewController.xib */; };
		87923DD71D20C5F7002C496D /* WDRightTableViewData.m in Sources */ = {isa = PBXBuildFile; fileRef = 87923DD61D20C5F7002C496D /* WDRightTableViewData.m */; };
		87923DDB1D20C886002C496D /* WDRightTableViewCell.m in Sources */ = {isa = PBXBuildFile; fileRef = 87923DD91D20C886002C496D /* WDRightTableViewCell.m */; };
		87923DDC1D20C886002C496D /* WDRightTableViewCell.xib in Resources */ = {isa = PBXBuildFile; fileRef = 87923DDA1D20C886002C496D /* WDRightTableViewCell.xib */; };
		87A798861D27ADC600270C80 /* NSDate+WDCategory.m in Sources */ = {isa = PBXBuildFile; fileRef = 87A798851D27ADC600270C80 /* NSDate+WDCategory.m */; };
		87A798891D280D5300270C80 /* WDSingleChannelController.m in Sources */ = {isa = PBXBuildFile; fileRef = 87A798881D280D5300270C80 /* WDSingleChannelController.m */; };
		87A97B391D2390E90066CCF8 /* WDLoginRegisterViewController.m in Sources */ = {isa = PBXBuildFile; fileRef = 87A97B371D2390E90066CCF8 /* WDLoginRegisterViewController.m */; };
		87A97B3A1D2390E90066CCF8 /* WDLoginRegisterViewController.xib in Resources */ = {isa = PBXBuildFile; fileRef = 87A97B381D2390E90066CCF8 /* WDLoginRegisterViewController.xib */; };
		87A97B3D1D23A46A0066CCF8 /* WDVerticalButton.m in Sources */ = {isa = PBXBuildFile; fileRef = 87A97B3C1D23A46A0066CCF8 /* WDVerticalButton.m */; };
		87A97B401D23C63C0066CCF8 /* WDTextField.m in Sources */ = {isa = PBXBuildFile; fileRef = 87A97B3F1D23C63C0066CCF8 /* WDTextField.m */; };
		87A97B431D240DBF0066CCF8 /* WDTextFieldTwo.m in Sources */ = {isa = PBXBuildFile; fileRef = 87A97B421D240DBF0066CCF8 /* WDTextFieldTwo.m */; };
		87A97B461D2414260066CCF8 /* WDTextFieldThree.m in Sources */ = {isa = PBXBuildFile; fileRef = 87A97B451D2414260066CCF8 /* WDTextFieldThree.m */; };
		87B877C51D22635A00C53116 /* WDRecommendTagTableViewController.m in Sources */ = {isa = PBXBuildFile; fileRef = 87B877C41D22635A00C53116 /* WDRecommendTagTableViewController.m */; };
		87B877C81D22650B00C53116 /* WDRecommendTagData.m in Sources */ = {isa = PBXBuildFile; fileRef = 87B877C71D22650B00C53116 /* WDRecommendTagData.m */; };
		87B877CC1D2266EA00C53116 /* WDRecommendTagCell.m in Sources */ = {isa = PBXBuildFile; fileRef = 87B877CA1D2266EA00C53116 /* WDRecommendTagCell.m */; };
		87B877CD1D2266EA00C53116 /* WDRecommendTagCell.xib in Resources */ = {isa = PBXBuildFile; fileRef = 87B877CB1D2266EA00C53116 /* WDRecommendTagCell.xib */; };
		87D40A351D24BE0600C54DEB /* WDGuideView.m in Sources */ = {isa = PBXBuildFile; fileRef = 87D40A341D24BE0600C54DEB /* WDGuideView.m */; };
		87D40A371D24BE1700C54DEB /* WDGuideView.xib in Resources */ = {isa = PBXBuildFile; fileRef = 87D40A361D24BE1700C54DEB /* WDGuideView.xib */; };
		87FC3C401D1CC8C7001013E0 /* WDNavigationController.m in Sources */ = {isa = PBXBuildFile; fileRef = 87FC3C3F1D1CC8C7001013E0 /* WDNavigationController.m */; };
		87FC3C421D1CE109001013E0 /* WDFriendTrendsViewController.xib in Resources */ = {isa = PBXBuildFile; fileRef = 87FC3C411D1CE109001013E0 /* WDFriendTrendsViewController.xib */; };
		87FC3C461D1D1110001013E0 /* WDRecommendViewController.m in Sources */ = {isa = PBXBuildFile; fileRef = 87FC3C441D1D1110001013E0 /* WDRecommendViewController.m */; };
		87FC3C471D1D1110001013E0 /* WDRecommendViewController.xib in Resources */ = {isa = PBXBuildFile; fileRef = 87FC3C451D1D1110001013E0 /* WDRecommendViewController.xib */; };
		87FC3C4F1D1D822A001013E0 /* WDLeftTableViewData.m in Sources */ = {isa = PBXBuildFile; fileRef = 87FC3C4E1D1D822A001013E0 /* WDLeftTableViewData.m */; };
		87FC3C531D1D8845001013E0 /* WDLeftTableViewCell.m in Sources */ = {isa = PBXBuildFile; fileRef = 87FC3C511D1D8845001013E0 /* WDLeftTableViewCell.m */; };
		87FC3C541D1D8845001013E0 /* WDLeftTableViewCell.xib in Resources */ = {isa = PBXBuildFile; fileRef = 87FC3C521D1D8845001013E0 /* WDLeftTableViewCell.xib */; };
/* End PBXBuildFile section */

/* Begin PBXContainerItemProxy section */
		870DC7C71D1B7B4E008D72ED /* PBXContainerItemProxy */ = {
			isa = PBXContainerItemProxy;
			containerPortal = 870DC7A51D1B7B4E008D72ED /* Project object */;
			proxyType = 1;
			remoteGlobalIDString = 870DC7AC1D1B7B4E008D72ED;
			remoteInfo = "125 项目:百思不得姐";
		};
		870DC7D21D1B7B4E008D72ED /* PBXContainerItemProxy */ = {
			isa = PBXContainerItemProxy;
			containerPortal = 870DC7A51D1B7B4E008D72ED /* Project object */;
			proxyType = 1;
			remoteGlobalIDString = 870DC7AC1D1B7B4E008D72ED;
			remoteInfo = "125 项目:百思不得姐";
		};
/* End PBXContainerItemProxy section */

/* Begin PBXFileReference section */
		45BDA33819051C87F270AB8C /* Pods-125 项目:百思不得姐.debug.xcconfig */ = {isa = PBXFileReference; includeInIndex = 1; lastKnownFileType = text.xcconfig; name = "Pods-125 项目:百思不得姐.debug.xcconfig"; path = "Pods/Target Support Files/Pods-125 项目:百思不得姐/Pods-125 项目:百思不得姐.debug.xcconfig"; sourceTree = "<group>"; };
		870DC7AD1D1B7B4E008D72ED /* 125 项目:百思不得姐.app */ = {isa = PBXFileReference; explicitFileType = wrapper.application; includeInIndex = 0; path = "125 项目:百思不得姐.app"; sourceTree = BUILT_PRODUCTS_DIR; };
		870DC7BC1D1B7B4E008D72ED /* Assets.xcassets */ = {isa = PBXFileReference; lastKnownFileType = folder.assetcatalog; path = Assets.xcassets; sourceTree = "<group>"; };
		870DC7C11D1B7B4E008D72ED /* Info.plist */ = {isa = PBXFileReference; lastKnownFileType = text.plist.xml; path = Info.plist; sourceTree = "<group>"; };
		870DC7C61D1B7B4E008D72ED /* 125 项目:百思不得姐Tests.xctest */ = {isa = PBXFileReference; explicitFileType = wrapper.cfbundle; includeInIndex = 0; path = "125 项目:百思不得姐Tests.xctest"; sourceTree = BUILT_PRODUCTS_DIR; };
		870DC7CA1D1B7B4E008D72ED /* _25_________Tests.m */ = {isa = PBXFileReference; lastKnownFileType = sourcecode.c.objc; path = "_25_________Tests.m"; sourceTree = "<group>"; };
		870DC7CC1D1B7B4E008D72ED /* Info.plist */ = {isa = PBXFileReference; lastKnownFileType = text.plist.xml; path = Info.plist; sourceTree = "<group>"; };
		870DC7D11D1B7B4E008D72ED /* 125 项目:百思不得姐UITests.xctest */ = {isa = PBXFileReference; explicitFileType = wrapper.cfbundle; includeInIndex = 0; path = "125 项目:百思不得姐UITests.xctest"; sourceTree = BUILT_PRODUCTS_DIR; };
		870DC7D51D1B7B4E008D72ED /* _25_________UITests.m */ = {isa = PBXFileReference; lastKnownFileType = sourcecode.c.objc; path = "_25_________UITests.m"; sourceTree = "<group>"; };
		870DC7D71D1B7B4E008D72ED /* Info.plist */ = {isa = PBXFileReference; lastKnownFileType = text.plist.xml; path = Info.plist; sourceTree = "<group>"; };
		870DC8021D1BDE49008D72ED /* WDEssenceViewController.h */ = {isa = PBXFileReference; fileEncoding = 4; lastKnownFileType = sourcecode.c.h; path = WDEssenceViewController.h; sourceTree = "<group>"; };
		870DC8031D1BDE49008D72ED /* WDEssenceViewController.m */ = {isa = PBXFileReference; fileEncoding = 4; lastKnownFileType = sourcecode.c.objc; path = WDEssenceViewController.m; sourceTree = "<group>"; };
		870DC8081D1BDE49008D72ED /* WDFriendTrendsViewController.h */ = {isa = PBXFileReference; fileEncoding = 4; lastKnownFileType = sourcecode.c.h; path = WDFriendTrendsViewController.h; sourceTree = "<group>"; };
		870DC8091D1BDE49008D72ED /* WDFriendTrendsViewController.m */ = {isa = PBXFileReference; fileEncoding = 4; lastKnownFileType = sourcecode.c.objc; path = WDFriendTrendsViewController.m; sourceTree = "<group>"; };
		870DC80E1D1BDE49008D72ED /* main.m */ = {isa = PBXFileReference; fileEncoding = 4; lastKnownFileType = sourcecode.c.objc; path = main.m; sourceTree = "<group>"; };
		870DC8101D1BDE49008D72ED /* WDTabBar.h */ = {isa = PBXFileReference; fileEncoding = 4; lastKnownFileType = sourcecode.c.h; path = WDTabBar.h; sourceTree = "<group>"; };
		870DC8111D1BDE49008D72ED /* WDTabBar.m */ = {isa = PBXFileReference; fileEncoding = 4; lastKnownFileType = sourcecode.c.objc; path = WDTabBar.m; sourceTree = "<group>"; };
		870DC8161D1BDE49008D72ED /* WDMeViewController.h */ = {isa = PBXFileReference; fileEncoding = 4; lastKnownFileType = sourcecode.c.h; path = WDMeViewController.h; sourceTree = "<group>"; };
		870DC8171D1BDE49008D72ED /* WDMeViewController.m */ = {isa = PBXFileReference; fileEncoding = 4; lastKnownFileType = sourcecode.c.objc; path = WDMeViewController.m; sourceTree = "<group>"; };
		870DC81C1D1BDE49008D72ED /* WDNewViewController.h */ = {isa = PBXFileReference; fileEncoding = 4; lastKnownFileType = sourcecode.c.h; path = WDNewViewController.h; sourceTree = "<group>"; };
		870DC81D1D1BDE49008D72ED /* WDNewViewController.m */ = {isa = PBXFileReference; fileEncoding = 4; lastKnownFileType = sourcecode.c.objc; path = WDNewViewController.m; sourceTree = "<group>"; };
		870DC8211D1BDE49008D72ED /* AppDelegate.h */ = {isa = PBXFileReference; fileEncoding = 4; lastKnownFileType = sourcecode.c.h; path = AppDelegate.h; sourceTree = "<group>"; };
		870DC8221D1BDE49008D72ED /* AppDelegate.m */ = {isa = PBXFileReference; fileEncoding = 4; lastKnownFileType = sourcecode.c.objc; path = AppDelegate.m; sourceTree = "<group>"; };
		870DC8241D1BDE49008D72ED /* UIBarButtonItem+Category.h */ = {isa = PBXFileReference; fileEncoding = 4; lastKnownFileType = sourcecode.c.h; path = "UIBarButtonItem+Category.h"; sourceTree = "<group>"; };
		870DC8251D1BDE49008D72ED /* UIBarButtonItem+Category.m */ = {isa = PBXFileReference; fileEncoding = 4; lastKnownFileType = sourcecode.c.objc; path = "UIBarButtonItem+Category.m"; sourceTree = "<group>"; };
		870DC8261D1BDE49008D72ED /* UIImage+Category.h */ = {isa = PBXFileReference; fileEncoding = 4; lastKnownFileType = sourcecode.c.h; path = "UIImage+Category.h"; sourceTree = "<group>"; };
		870DC8271D1BDE49008D72ED /* UIImage+Category.m */ = {isa = PBXFileReference; fileEncoding = 4; lastKnownFileType = sourcecode.c.objc; path = "UIImage+Category.m"; sourceTree = "<group>"; };
		870DC8281D1BDE49008D72ED /* UIView+Category.h */ = {isa = PBXFileReference; fileEncoding = 4; lastKnownFileType = sourcecode.c.h; path = "UIView+Category.h"; sourceTree = "<group>"; };
		870DC8291D1BDE49008D72ED /* UIView+Category.m */ = {isa = PBXFileReference; fileEncoding = 4; lastKnownFileType = sourcecode.c.objc; path = "UIView+Category.m"; sourceTree = "<group>"; };
		870DC82A1D1BDE49008D72ED /* PrefixHeader.pch */ = {isa = PBXFileReference; fileEncoding = 4; lastKnownFileType = sourcecode.c.h; path = PrefixHeader.pch; sourceTree = "<group>"; };
		870DC8361D1BE5FF008D72ED /* WDTabBarController.h */ = {isa = PBXFileReference; fileEncoding = 4; lastKnownFileType = sourcecode.c.h; path = WDTabBarController.h; sourceTree = "<group>"; };
		870DC8371D1BE5FF008D72ED /* WDTabBarController.m */ = {isa = PBXFileReference; fileEncoding = 4; lastKnownFileType = sourcecode.c.objc; path = WDTabBarController.m; sourceTree = "<group>"; };
		8719B5941D2E438C00BB19CB /* WDPublishView.h */ = {isa = PBXFileReference; fileEncoding = 4; lastKnownFileType = sourcecode.c.h; path = WDPublishView.h; sourceTree = "<group>"; };
		8719B5951D2E438C00BB19CB /* WDPublishView.m */ = {isa = PBXFileReference; fileEncoding = 4; lastKnownFileType = sourcecode.c.objc; path = WDPublishView.m; sourceTree = "<group>"; };
		8719B5971D2E439600BB19CB /* WDPublishView.xib */ = {isa = PBXFileReference; fileEncoding = 4; lastKnownFileType = file.xib; path = WDPublishView.xib; sourceTree = "<group>"; };
		871B91AA1D309736007CF27C /* WDChannelCellSoundView.h */ = {isa = PBXFileReference; fileEncoding = 4; lastKnownFileType = sourcecode.c.h; path = WDChannelCellSoundView.h; sourceTree = "<group>"; };
		871B91AB1D309736007CF27C /* WDChannelCellSoundView.m */ = {isa = PBXFileReference; fileEncoding = 4; lastKnownFileType = sourcecode.c.objc; path = WDChannelCellSoundView.m; sourceTree = "<group>"; };
		871B91AD1D30974B007CF27C /* WDChannelCellSoundView.xib */ = {isa = PBXFileReference; fileEncoding = 4; lastKnownFileType = file.xib; path = WDChannelCellSoundView.xib; sourceTree = "<group>"; };
		871B91AF1D30A640007CF27C /* WDChannelCellVideoView.h */ = {isa = PBXFileReference; fileEncoding = 4; lastKnownFileType = sourcecode.c.h; path = WDChannelCellVideoView.h; sourceTree = "<group>"; };
		871B91B01D30A640007CF27C /* WDChannelCellVideoView.m */ = {isa = PBXFileReference; fileEncoding = 4; lastKnownFileType = sourcecode.c.objc; path = WDChannelCellVideoView.m; sourceTree = "<group>"; };
		871B91B21D30A64B007CF27C /* WDChannelCellVideoView.xib */ = {isa = PBXFileReference; fileEncoding = 4; lastKnownFileType = file.xib; path = WDChannelCellVideoView.xib; sourceTree = "<group>"; };
		87233BDC1D2615E500B0AA36 /* WDChannelCellData.h */ = {isa = PBXFileReference; fileEncoding = 4; lastKnownFileType = sourcecode.c.h; path = WDChannelCellData.h; sourceTree = "<group>"; };
		87233BDD1D2615E500B0AA36 /* WDChannelCellData.m */ = {isa = PBXFileReference; fileEncoding = 4; lastKnownFileType = sourcecode.c.objc; path = WDChannelCellData.m; sourceTree = "<group>"; };
		87233BDF1D2646DD00B0AA36 /* WDConst.h */ = {isa = PBXFileReference; fileEncoding = 4; lastKnownFileType = sourcecode.c.h; path = WDConst.h; sourceTree = "<group>"; };
		87233BE01D2646DD00B0AA36 /* WDConst.m */ = {isa = PBXFileReference; fileEncoding = 4; lastKnownFileType = sourcecode.c.objc; path = WDConst.m; sourceTree = "<group>"; };
		87233BE21D26511700B0AA36 /* WDChannelCell.h */ = {isa = PBXFileReference; fileEncoding = 4; lastKnownFileType = sourcecode.c.h; path = WDChannelCell.h; sourceTree = "<group>"; };
		87233BE31D26511700B0AA36 /* WDChannelCell.m */ = {isa = PBXFileReference; fileEncoding = 4; lastKnownFileType = sourcecode.c.objc; path = WDChannelCell.m; sourceTree = "<group>"; };
		87233BE41D26511700B0AA36 /* WDChannelCell.xib */ = {isa = PBXFileReference; fileEncoding = 4; lastKnownFileType = file.xib; path = WDChannelCell.xib; sourceTree = "<group>"; };
		872938751D2B52BC00AE1509 /* WDChannelCellImageView.h */ = {isa = PBXFileReference; fileEncoding = 4; lastKnownFileType = sourcecode.c.h; path = WDChannelCellImageView.h; sourceTree = "<group>"; };
		872938761D2B52BC00AE1509 /* WDChannelCellImageView.m */ = {isa = PBXFileReference; fileEncoding = 4; lastKnownFileType = sourcecode.c.objc; path = WDChannelCellImageView.m; sourceTree = "<group>"; };
		872938781D2B52CE00AE1509 /* WDChannelCellImageView.xib */ = {isa = PBXFileReference; fileEncoding = 4; lastKnownFileType = file.xib; path = WDChannelCellImageView.xib; sourceTree = "<group>"; };
		8729387A1D2BB7AA00AE1509 /* WDProgressView.h */ = {isa = PBXFileReference; fileEncoding = 4; lastKnownFileType = sourcecode.c.h; path = WDProgressView.h; sourceTree = "<group>"; };
		8729387B1D2BB7AA00AE1509 /* WDProgressView.m */ = {isa = PBXFileReference; fileEncoding = 4; lastKnownFileType = sourcecode.c.objc; path = WDProgressView.m; sourceTree = "<group>"; };
		8729387D1D2C046200AE1509 /* WDBigImageViewController.h */ = {isa = PBXFileReference; fileEncoding = 4; lastKnownFileType = sourcecode.c.h; path = WDBigImageViewController.h; sourceTree = "<group>"; };
		8729387E1D2C046200AE1509 /* WDBigImageViewController.m */ = {isa = PBXFileReference; fileEncoding = 4; lastKnownFileType = sourcecode.c.objc; path = WDBigImageViewController.m; sourceTree = "<group>"; };
		8729387F1D2C046200AE1509 /* WDBigImageViewController.xib */ = {isa = PBXFileReference; fileEncoding = 4; lastKnownFileType = file.xib; path = WDBigImageViewController.xib; sourceTree = "<group>"; };
		87923DD51D20C5F7002C496D /* WDRightTableViewData.h */ = {isa = PBXFileReference; fileEncoding = 4; lastKnownFileType = sourcecode.c.h; path = WDRightTableViewData.h; sourceTree = "<group>"; };
		87923DD61D20C5F7002C496D /* WDRightTableViewData.m */ = {isa = PBXFileReference; fileEncoding = 4; lastKnownFileType = sourcecode.c.objc; path = WDRightTableViewData.m; sourceTree = "<group>"; };
		87923DD81D20C885002C496D /* WDRightTableViewCell.h */ = {isa = PBXFileReference; fileEncoding = 4; lastKnownFileType = sourcecode.c.h; path = WDRightTableViewCell.h; sourceTree = "<group>"; };
		87923DD91D20C886002C496D /* WDRightTableViewCell.m */ = {isa = PBXFileReference; fileEncoding = 4; lastKnownFileType = sourcecode.c.objc; path = WDRightTableViewCell.m; sourceTree = "<group>"; };
		87923DDA1D20C886002C496D /* WDRightTableViewCell.xib */ = {isa = PBXFileReference; fileEncoding = 4; lastKnownFileType = file.xib; path = WDRightTableViewCell.xib; sourceTree = "<group>"; };
		87A798841D27ADC600270C80 /* NSDate+WDCategory.h */ = {isa = PBXFileReference; fileEncoding = 4; lastKnownFileType = sourcecode.c.h; path = "NSDate+WDCategory.h"; sourceTree = "<group>"; };
		87A798851D27ADC600270C80 /* NSDate+WDCategory.m */ = {isa = PBXFileReference; fileEncoding = 4; lastKnownFileType = sourcecode.c.objc; path = "NSDate+WDCategory.m"; sourceTree = "<group>"; };
		87A798871D280D5300270C80 /* WDSingleChannelController.h */ = {isa = PBXFileReference; fileEncoding = 4; lastKnownFileType = sourcecode.c.h; path = WDSingleChannelController.h; sourceTree = "<group>"; };
		87A798881D280D5300270C80 /* WDSingleChannelController.m */ = {isa = PBXFileReference; fileEncoding = 4; lastKnownFileType = sourcecode.c.objc; path = WDSingleChannelController.m; sourceTree = "<group>"; };
		87A97B361D2390E90066CCF8 /* WDLoginRegisterViewController.h */ = {isa = PBXFileReference; fileEncoding = 4; lastKnownFileType = sourcecode.c.h; path = WDLoginRegisterViewController.h; sourceTree = "<group>"; };
		87A97B371D2390E90066CCF8 /* WDLoginRegisterViewController.m */ = {isa = PBXFileReference; fileEncoding = 4; lastKnownFileType = sourcecode.c.objc; path = WDLoginRegisterViewController.m; sourceTree = "<group>"; };
		87A97B381D2390E90066CCF8 /* WDLoginRegisterViewController.xib */ = {isa = PBXFileReference; fileEncoding = 4; lastKnownFileType = file.xib; path = WDLoginRegisterViewController.xib; sourceTree = "<group>"; };
		87A97B3B1D23A46A0066CCF8 /* WDVerticalButton.h */ = {isa = PBXFileReference; fileEncoding = 4; lastKnownFileType = sourcecode.c.h; path = WDVerticalButton.h; sourceTree = "<group>"; };
		87A97B3C1D23A46A0066CCF8 /* WDVerticalButton.m */ = {isa = PBXFileReference; fileEncoding = 4; lastKnownFileType = sourcecode.c.objc; path = WDVerticalButton.m; sourceTree = "<group>"; };
		87A97B3E1D23C63C0066CCF8 /* WDTextField.h */ = {isa = PBXFileReference; fileEncoding = 4; lastKnownFileType = sourcecode.c.h; path = WDTextField.h; sourceTree = "<group>"; };
		87A97B3F1D23C63C0066CCF8 /* WDTextField.m */ = {isa = PBXFileReference; fileEncoding = 4; lastKnownFileType = sourcecode.c.objc; path = WDTextField.m; sourceTree = "<group>"; };
		87A97B411D240DBF0066CCF8 /* WDTextFieldTwo.h */ = {isa = PBXFileReference; fileEncoding = 4; lastKnownFileType = sourcecode.c.h; path = WDTextFieldTwo.h; sourceTree = "<group>"; };
		87A97B421D240DBF0066CCF8 /* WDTextFieldTwo.m */ = {isa = PBXFileReference; fileEncoding = 4; lastKnownFileType = sourcecode.c.objc; path = WDTextFieldTwo.m; sourceTree = "<group>"; };
		87A97B441D2414260066CCF8 /* WDTextFieldThree.h */ = {isa = PBXFileReference; fileEncoding = 4; lastKnownFileType = sourcecode.c.h; path = WDTextFieldThree.h; sourceTree = "<group>"; };
		87A97B451D2414260066CCF8 /* WDTextFieldThree.m */ = {isa = PBXFileReference; fileEncoding = 4; lastKnownFileType = sourcecode.c.objc; path = WDTextFieldThree.m; sourceTree = "<group>"; };
		87B877C31D22635A00C53116 /* WDRecommendTagTableViewController.h */ = {isa = PBXFileReference; fileEncoding = 4; lastKnownFileType = sourcecode.c.h; path = WDRecommendTagTableViewController.h; sourceTree = "<group>"; };
		87B877C41D22635A00C53116 /* WDRecommendTagTableViewController.m */ = {isa = PBXFileReference; fileEncoding = 4; lastKnownFileType = sourcecode.c.objc; path = WDRecommendTagTableViewController.m; sourceTree = "<group>"; };
		87B877C61D22650B00C53116 /* WDRecommendTagData.h */ = {isa = PBXFileReference; fileEncoding = 4; lastKnownFileType = sourcecode.c.h; path = WDRecommendTagData.h; sourceTree = "<group>"; };
		87B877C71D22650B00C53116 /* WDRecommendTagData.m */ = {isa = PBXFileReference; fileEncoding = 4; lastKnownFileType = sourcecode.c.objc; path = WDRecommendTagData.m; sourceTree = "<group>"; };
		87B877C91D2266EA00C53116 /* WDRecommendTagCell.h */ = {isa = PBXFileReference; fileEncoding = 4; lastKnownFileType = sourcecode.c.h; path = WDRecommendTagCell.h; sourceTree = "<group>"; };
		87B877CA1D2266EA00C53116 /* WDRecommendTagCell.m */ = {isa = PBXFileReference; fileEncoding = 4; lastKnownFileType = sourcecode.c.objc; path = WDRecommendTagCell.m; sourceTree = "<group>"; };
		87B877CB1D2266EA00C53116 /* WDRecommendTagCell.xib */ = {isa = PBXFileReference; fileEncoding = 4; lastKnownFileType = file.xib; path = WDRecommendTagCell.xib; sourceTree = "<group>"; };
		87D40A331D24BE0600C54DEB /* WDGuideView.h */ = {isa = PBXFileReference; fileEncoding = 4; lastKnownFileType = sourcecode.c.h; path = WDGuideView.h; sourceTree = "<group>"; };
		87D40A341D24BE0600C54DEB /* WDGuideView.m */ = {isa = PBXFileReference; fileEncoding = 4; lastKnownFileType = sourcecode.c.objc; path = WDGuideView.m; sourceTree = "<group>"; };
		87D40A361D24BE1700C54DEB /* WDGuideView.xib */ = {isa = PBXFileReference; fileEncoding = 4; lastKnownFileType = file.xib; path = WDGuideView.xib; sourceTree = "<group>"; };
		87FC3C3E1D1CC8C7001013E0 /* WDNavigationController.h */ = {isa = PBXFileReference; fileEncoding = 4; lastKnownFileType = sourcecode.c.h; path = WDNavigationController.h; sourceTree = "<group>"; };
		87FC3C3F1D1CC8C7001013E0 /* WDNavigationController.m */ = {isa = PBXFileReference; fileEncoding = 4; lastKnownFileType = sourcecode.c.objc; path = WDNavigationController.m; sourceTree = "<group>"; };
		87FC3C411D1CE109001013E0 /* WDFriendTrendsViewController.xib */ = {isa = PBXFileReference; fileEncoding = 4; lastKnownFileType = file.xib; path = WDFriendTrendsViewController.xib; sourceTree = "<group>"; };
		87FC3C431D1D1110001013E0 /* WDRecommendViewController.h */ = {isa = PBXFileReference; fileEncoding = 4; lastKnownFileType = sourcecode.c.h; path = WDRecommendViewController.h; sourceTree = "<group>"; };
		87FC3C441D1D1110001013E0 /* WDRecommendViewController.m */ = {isa = PBXFileReference; fileEncoding = 4; lastKnownFileType = sourcecode.c.objc; path = WDRecommendViewController.m; sourceTree = "<group>"; };
		87FC3C451D1D1110001013E0 /* WDRecommendViewController.xib */ = {isa = PBXFileReference; fileEncoding = 4; lastKnownFileType = file.xib; name = WDRecommendViewController.xib; path = ../Controller/WDRecommendViewController.xib; sourceTree = "<group>"; };
		87FC3C4D1D1D822A001013E0 /* WDLeftTableViewData.h */ = {isa = PBXFileReference; fileEncoding = 4; lastKnownFileType = sourcecode.c.h; path = WDLeftTableViewData.h; sourceTree = "<group>"; };
		87FC3C4E1D1D822A001013E0 /* WDLeftTableViewData.m */ = {isa = PBXFileReference; fileEncoding = 4; lastKnownFileType = sourcecode.c.objc; path = WDLeftTableViewData.m; sourceTree = "<group>"; };
		87FC3C501D1D8845001013E0 /* WDLeftTableViewCell.h */ = {isa = PBXFileReference; fileEncoding = 4; lastKnownFileType = sourcecode.c.h; path = WDLeftTableViewCell.h; sourceTree = "<group>"; };
		87FC3C511D1D8845001013E0 /* WDLeftTableViewCell.m */ = {isa = PBXFileReference; fileEncoding = 4; lastKnownFileType = sourcecode.c.objc; path = WDLeftTableViewCell.m; sourceTree = "<group>"; };
		87FC3C521D1D8845001013E0 /* WDLeftTableViewCell.xib */ = {isa = PBXFileReference; fileEncoding = 4; lastKnownFileType = file.xib; path = WDLeftTableViewCell.xib; sourceTree = "<group>"; };
		94A422950F40C8237F26E0F1 /* Pods-125 项目:百思不得姐.release.xcconfig */ = {isa = PBXFileReference; includeInIndex = 1; lastKnownFileType = text.xcconfig; name = "Pods-125 项目:百思不得姐.release.xcconfig"; path = "Pods/Target Support Files/Pods-125 项目:百思不得姐/Pods-125 项目:百思不得姐.release.xcconfig"; sourceTree = "<group>"; };
		A2503640E69369E939807B23 /* libPods-125 项目:百思不得姐.a */ = {isa = PBXFileReference; explicitFileType = archive.ar; includeInIndex = 0; path = "libPods-125 项目:百思不得姐.a"; sourceTree = BUILT_PRODUCTS_DIR; };
/* End PBXFileReference section */

/* Begin PBXFrameworksBuildPhase section */
		870DC7AA1D1B7B4E008D72ED /* Frameworks */ = {
			isa = PBXFrameworksBuildPhase;
			buildActionMask = 2147483647;
			files = (
				55C6C184EEF8026B5BD27112 /* libPods-125 项目:百思不得姐.a in Frameworks */,
			);
			runOnlyForDeploymentPostprocessing = 0;
		};
		870DC7C31D1B7B4E008D72ED /* Frameworks */ = {
			isa = PBXFrameworksBuildPhase;
			buildActionMask = 2147483647;
			files = (
			);
			runOnlyForDeploymentPostprocessing = 0;
		};
		870DC7CE1D1B7B4E008D72ED /* Frameworks */ = {
			isa = PBXFrameworksBuildPhase;
			buildActionMask = 2147483647;
			files = (
			);
			runOnlyForDeploymentPostprocessing = 0;
		};
/* End PBXFrameworksBuildPhase section */

/* Begin PBXGroup section */
		85E7AAAA35F4A40A108820AF /* Frameworks */ = {
			isa = PBXGroup;
			children = (
				A2503640E69369E939807B23 /* libPods-125 项目:百思不得姐.a */,
			);
			name = Frameworks;
			sourceTree = "<group>";
		};
		870DC7A41D1B7B4E008D72ED = {
			isa = PBXGroup;
			children = (
				870DC7AF1D1B7B4E008D72ED /* 125 项目:百思不得姐 */,
				870DC7C91D1B7B4E008D72ED /* 125 项目:百思不得姐Tests */,
				870DC7D41D1B7B4E008D72ED /* 125 项目:百思不得姐UITests */,
				870DC7AE1D1B7B4E008D72ED /* Products */,
				CD913786496EBC52F97ADB07 /* Pods */,
				85E7AAAA35F4A40A108820AF /* Frameworks */,
			);
			sourceTree = "<group>";
		};
		870DC7AE1D1B7B4E008D72ED /* Products */ = {
			isa = PBXGroup;
			children = (
				870DC7AD1D1B7B4E008D72ED /* 125 项目:百思不得姐.app */,
				870DC7C61D1B7B4E008D72ED /* 125 项目:百思不得姐Tests.xctest */,
				870DC7D11D1B7B4E008D72ED /* 125 项目:百思不得姐UITests.xctest */,
			);
			name = Products;
			sourceTree = "<group>";
		};
		870DC7AF1D1B7B4E008D72ED /* 125 项目:百思不得姐 */ = {
			isa = PBXGroup;
			children = (
				870DC80C1D1BDE49008D72ED /* Main */,
				870DC8001D1BDE49008D72ED /* Essence-精华 */,
				870DC81A1D1BDE49008D72ED /* New-新帖 */,
				870DC8061D1BDE49008D72ED /* FriendTrends-关注 */,
				870DC8141D1BDE49008D72ED /* Me-我 */,
				87A97B321D2390C10066CCF8 /* LoginRegister-登录注册 */,
				8719B58E1D2DE1DE00BB19CB /* Publish-发布 */,
				870DC8201D1BDE49008D72ED /* Other-其他 */,
				870DC7B01D1B7B4E008D72ED /* Supporting Files */,
			);
			path = "125 项目:百思不得姐";
			sourceTree = "<group>";
		};
		870DC7B01D1B7B4E008D72ED /* Supporting Files */ = {
			isa = PBXGroup;
			children = (
				870DC7BC1D1B7B4E008D72ED /* Assets.xcassets */,
				870DC7C11D1B7B4E008D72ED /* Info.plist */,
			);
			name = "Supporting Files";
			sourceTree = "<group>";
		};
		870DC7C91D1B7B4E008D72ED /* 125 项目:百思不得姐Tests */ = {
			isa = PBXGroup;
			children = (
				870DC7CA1D1B7B4E008D72ED /* _25_________Tests.m */,
				870DC7CC1D1B7B4E008D72ED /* Info.plist */,
			);
			path = "125 项目:百思不得姐Tests";
			sourceTree = "<group>";
		};
		870DC7D41D1B7B4E008D72ED /* 125 项目:百思不得姐UITests */ = {
			isa = PBXGroup;
			children = (
				870DC7D51D1B7B4E008D72ED /* _25_________UITests.m */,
				870DC7D71D1B7B4E008D72ED /* Info.plist */,
			);
			path = "125 项目:百思不得姐UITests";
			sourceTree = "<group>";
		};
		870DC8001D1BDE49008D72ED /* Essence-精华 */ = {
			isa = PBXGroup;
			children = (
				870DC8011D1BDE49008D72ED /* Controller */,
				870DC8041D1BDE49008D72ED /* Model */,
				870DC8051D1BDE49008D72ED /* View */,
			);
			path = "Essence-精华";
			sourceTree = "<group>";
		};
		870DC8011D1BDE49008D72ED /* Controller */ = {
			isa = PBXGroup;
			children = (
				870DC8021D1BDE49008D72ED /* WDEssenceViewController.h */,
				870DC8031D1BDE49008D72ED /* WDEssenceViewController.m */,
				87B877C31D22635A00C53116 /* WDRecommendTagTableViewController.h */,
				87B877C41D22635A00C53116 /* WDRecommendTagTableViewController.m */,
				87A798871D280D5300270C80 /* WDSingleChannelController.h */,
				87A798881D280D5300270C80 /* WDSingleChannelController.m */,
				8729387D1D2C046200AE1509 /* WDBigImageViewController.h */,
				8729387E1D2C046200AE1509 /* WDBigImageViewController.m */,
				8729387F1D2C046200AE1509 /* WDBigImageViewController.xib */,
			);
			path = Controller;
			sourceTree = "<group>";
		};
		870DC8041D1BDE49008D72ED /* Model */ = {
			isa = PBXGroup;
			children = (
				87B877C61D22650B00C53116 /* WDRecommendTagData.h */,
				87B877C71D22650B00C53116 /* WDRecommendTagData.m */,
				87233BDC1D2615E500B0AA36 /* WDChannelCellData.h */,
				87233BDD1D2615E500B0AA36 /* WDChannelCellData.m */,
			);
			path = Model;
			sourceTree = "<group>";
		};
		870DC8051D1BDE49008D72ED /* View */ = {
			isa = PBXGroup;
			children = (
				87B877C91D2266EA00C53116 /* WDRecommendTagCell.h */,
				87B877CA1D2266EA00C53116 /* WDRecommendTagCell.m */,
				87B877CB1D2266EA00C53116 /* WDRecommendTagCell.xib */,
				87233BE21D26511700B0AA36 /* WDChannelCell.h */,
				87233BE31D26511700B0AA36 /* WDChannelCell.m */,
				87233BE41D26511700B0AA36 /* WDChannelCell.xib */,
				872938751D2B52BC00AE1509 /* WDChannelCellImageView.h */,
				872938761D2B52BC00AE1509 /* WDChannelCellImageView.m */,
				872938781D2B52CE00AE1509 /* WDChannelCellImageView.xib */,
				871B91AA1D309736007CF27C /* WDChannelCellSoundView.h */,
				871B91AB1D309736007CF27C /* WDChannelCellSoundView.m */,
				871B91AD1D30974B007CF27C /* WDChannelCellSoundView.xib */,
				871B91AF1D30A640007CF27C /* WDChannelCellVideoView.h */,
				871B91B01D30A640007CF27C /* WDChannelCellVideoView.m */,
				871B91B21D30A64B007CF27C /* WDChannelCellVideoView.xib */,
				8729387A1D2BB7AA00AE1509 /* WDProgressView.h */,
				8729387B1D2BB7AA00AE1509 /* WDProgressView.m */,
			);
			path = View;
			sourceTree = "<group>";
		};
		870DC8061D1BDE49008D72ED /* FriendTrends-关注 */ = {
			isa = PBXGroup;
			children = (
				870DC8071D1BDE49008D72ED /* Controller */,
				870DC80A1D1BDE49008D72ED /* Model */,
				870DC80B1D1BDE49008D72ED /* View */,
			);
			path = "FriendTrends-关注";
			sourceTree = "<group>";
		};
		870DC8071D1BDE49008D72ED /* Controller */ = {
			isa = PBXGroup;
			children = (
				870DC8081D1BDE49008D72ED /* WDFriendTrendsViewController.h */,
				870DC8091D1BDE49008D72ED /* WDFriendTrendsViewController.m */,
				87FC3C431D1D1110001013E0 /* WDRecommendViewController.h */,
				87FC3C441D1D1110001013E0 /* WDRecommendViewController.m */,
			);
			path = Controller;
			sourceTree = "<group>";
		};
		870DC80A1D1BDE49008D72ED /* Model */ = {
			isa = PBXGroup;
			children = (
				87FC3C4D1D1D822A001013E0 /* WDLeftTableViewData.h */,
				87FC3C4E1D1D822A001013E0 /* WDLeftTableViewData.m */,
				87923DD51D20C5F7002C496D /* WDRightTableViewData.h */,
				87923DD61D20C5F7002C496D /* WDRightTableViewData.m */,
			);
			path = Model;
			sourceTree = "<group>";
		};
		870DC80B1D1BDE49008D72ED /* View */ = {
			isa = PBXGroup;
			children = (
				87FC3C501D1D8845001013E0 /* WDLeftTableViewCell.h */,
				87FC3C511D1D8845001013E0 /* WDLeftTableViewCell.m */,
				87FC3C521D1D8845001013E0 /* WDLeftTableViewCell.xib */,
				87923DD81D20C885002C496D /* WDRightTableViewCell.h */,
				87923DD91D20C886002C496D /* WDRightTableViewCell.m */,
				87923DDA1D20C886002C496D /* WDRightTableViewCell.xib */,
				87FC3C451D1D1110001013E0 /* WDRecommendViewController.xib */,
				87FC3C411D1CE109001013E0 /* WDFriendTrendsViewController.xib */,
			);
			path = View;
			sourceTree = "<group>";
		};
		870DC80C1D1BDE49008D72ED /* Main */ = {
			isa = PBXGroup;
			children = (
				870DC80E1D1BDE49008D72ED /* main.m */,
				870DC80D1D1BDE49008D72ED /* Controller */,
				870DC80F1D1BDE49008D72ED /* View */,
				870DC8101D1BDE49008D72ED /* WDTabBar.h */,
				870DC8111D1BDE49008D72ED /* WDTabBar.m */,
			);
			path = Main;
			sourceTree = "<group>";
		};
		870DC80D1D1BDE49008D72ED /* Controller */ = {
			isa = PBXGroup;
			children = (
				870DC8361D1BE5FF008D72ED /* WDTabBarController.h */,
				870DC8371D1BE5FF008D72ED /* WDTabBarController.m */,
				87FC3C3E1D1CC8C7001013E0 /* WDNavigationController.h */,
				87FC3C3F1D1CC8C7001013E0 /* WDNavigationController.m */,
			);
			path = Controller;
			sourceTree = "<group>";
		};
		870DC80F1D1BDE49008D72ED /* View */ = {
			isa = PBXGroup;
			children = (
			);
			path = View;
			sourceTree = "<group>";
		};
		870DC8141D1BDE49008D72ED /* Me-我 */ = {
			isa = PBXGroup;
			children = (
				870DC8151D1BDE49008D72ED /* Controller */,
				870DC8181D1BDE49008D72ED /* Model */,
				870DC8191D1BDE49008D72ED /* View */,
			);
			path = "Me-我";
			sourceTree = "<group>";
		};
		870DC8151D1BDE49008D72ED /* Controller */ = {
			isa = PBXGroup;
			children = (
				870DC8161D1BDE49008D72ED /* WDMeViewController.h */,
				870DC8171D1BDE49008D72ED /* WDMeViewController.m */,
			);
			path = Controller;
			sourceTree = "<group>";
		};
		870DC8181D1BDE49008D72ED /* Model */ = {
			isa = PBXGroup;
			children = (
			);
			path = Model;
			sourceTree = "<group>";
		};
		870DC8191D1BDE49008D72ED /* View */ = {
			isa = PBXGroup;
			children = (
			);
			path = View;
			sourceTree = "<group>";
		};
		870DC81A1D1BDE49008D72ED /* New-新帖 */ = {
			isa = PBXGroup;
			children = (
				870DC81B1D1BDE49008D72ED /* Controller */,
				870DC81E1D1BDE49008D72ED /* Model */,
				870DC81F1D1BDE49008D72ED /* View */,
			);
			path = "New-新帖";
			sourceTree = "<group>";
		};
		870DC81B1D1BDE49008D72ED /* Controller */ = {
			isa = PBXGroup;
			children = (
				870DC81C1D1BDE49008D72ED /* WDNewViewController.h */,
				870DC81D1D1BDE49008D72ED /* WDNewViewController.m */,
			);
			path = Controller;
			sourceTree = "<group>";
		};
		870DC81E1D1BDE49008D72ED /* Model */ = {
			isa = PBXGroup;
			children = (
			);
			path = Model;
			sourceTree = "<group>";
		};
		870DC81F1D1BDE49008D72ED /* View */ = {
			isa = PBXGroup;
			children = (
			);
			path = View;
			sourceTree = "<group>";
		};
		870DC8201D1BDE49008D72ED /* Other-其他 */ = {
			isa = PBXGroup;
			children = (
				87D40A321D24BDF700C54DEB /* Guide-引导使用 */,
				870DC8211D1BDE49008D72ED /* AppDelegate.h */,
				870DC8221D1BDE49008D72ED /* AppDelegate.m */,
				870DC82A1D1BDE49008D72ED /* PrefixHeader.pch */,
				87233BDF1D2646DD00B0AA36 /* WDConst.h */,
				87233BE01D2646DD00B0AA36 /* WDConst.m */,
				870DC8231D1BDE49008D72ED /* Category-分类 */,
			);
			path = "Other-其他";
			sourceTree = "<group>";
		};
		870DC8231D1BDE49008D72ED /* Category-分类 */ = {
			isa = PBXGroup;
			children = (
				870DC8241D1BDE49008D72ED /* UIBarButtonItem+Category.h */,
				870DC8251D1BDE49008D72ED /* UIBarButtonItem+Category.m */,
				870DC8261D1BDE49008D72ED /* UIImage+Category.h */,
				870DC8271D1BDE49008D72ED /* UIImage+Category.m */,
				870DC8281D1BDE49008D72ED /* UIView+Category.h */,
				870DC8291D1BDE49008D72ED /* UIView+Category.m */,
				87A798841D27ADC600270C80 /* NSDate+WDCategory.h */,
				87A798851D27ADC600270C80 /* NSDate+WDCategory.m */,
			);
			path = "Category-分类";
			sourceTree = "<group>";
		};
		8719B58E1D2DE1DE00BB19CB /* Publish-发布 */ = {
			isa = PBXGroup;
			children = (
				8719B5941D2E438C00BB19CB /* WDPublishView.h */,
				8719B5951D2E438C00BB19CB /* WDPublishView.m */,
				8719B5971D2E439600BB19CB /* WDPublishView.xib */,
			);
			path = "Publish-发布";
			sourceTree = "<group>";
		};
		87A97B321D2390C10066CCF8 /* LoginRegister-登录注册 */ = {
			isa = PBXGroup;
			children = (
				87A97B331D2390C10066CCF8 /* Controller */,
				87A97B341D2390C10066CCF8 /* Model */,
				87A97B351D2390C10066CCF8 /* View */,
			);
			path = "LoginRegister-登录注册";
			sourceTree = "<group>";
		};
		87A97B331D2390C10066CCF8 /* Controller */ = {
			isa = PBXGroup;
			children = (
				87A97B361D2390E90066CCF8 /* WDLoginRegisterViewController.h */,
				87A97B371D2390E90066CCF8 /* WDLoginRegisterViewController.m */,
				87A97B381D2390E90066CCF8 /* WDLoginRegisterViewController.xib */,
			);
			path = Controller;
			sourceTree = "<group>";
		};
		87A97B341D2390C10066CCF8 /* Model */ = {
			isa = PBXGroup;
			children = (
			);
			path = Model;
			sourceTree = "<group>";
		};
		87A97B351D2390C10066CCF8 /* View */ = {
			isa = PBXGroup;
			children = (
				87A97B3B1D23A46A0066CCF8 /* WDVerticalButton.h */,
				87A97B3C1D23A46A0066CCF8 /* WDVerticalButton.m */,
				87A97B3E1D23C63C0066CCF8 /* WDTextField.h */,
				87A97B3F1D23C63C0066CCF8 /* WDTextField.m */,
				87A97B411D240DBF0066CCF8 /* WDTextFieldTwo.h */,
				87A97B421D240DBF0066CCF8 /* WDTextFieldTwo.m */,
				87A97B441D2414260066CCF8 /* WDTextFieldThree.h */,
				87A97B451D2414260066CCF8 /* WDTextFieldThree.m */,
			);
			path = View;
			sourceTree = "<group>";
		};
		87D40A321D24BDF700C54DEB /* Guide-引导使用 */ = {
			isa = PBXGroup;
			children = (
				87D40A331D24BE0600C54DEB /* WDGuideView.h */,
				87D40A341D24BE0600C54DEB /* WDGuideView.m */,
				87D40A361D24BE1700C54DEB /* WDGuideView.xib */,
			);
			path = "Guide-引导使用";
			sourceTree = "<group>";
		};
		CD913786496EBC52F97ADB07 /* Pods */ = {
			isa = PBXGroup;
			children = (
				45BDA33819051C87F270AB8C /* Pods-125 项目:百思不得姐.debug.xcconfig */,
				94A422950F40C8237F26E0F1 /* Pods-125 项目:百思不得姐.release.xcconfig */,
			);
			name = Pods;
			sourceTree = "<group>";
		};
/* End PBXGroup section */

/* Begin PBXNativeTarget section */
		870DC7AC1D1B7B4E008D72ED /* 125 项目:百思不得姐 */ = {
			isa = PBXNativeTarget;
			buildConfigurationList = 870DC7DA1D1B7B4E008D72ED /* Build configuration list for PBXNativeTarget "125 项目:百思不得姐" */;
			buildPhases = (
				55E108E9B19665F9F759B6BA /* 📦 Check Pods Manifest.lock */,
				870DC7A91D1B7B4E008D72ED /* Sources */,
				870DC7AA1D1B7B4E008D72ED /* Frameworks */,
				870DC7AB1D1B7B4E008D72ED /* Resources */,
				EA884690350E68579276C9AA /* 📦 Embed Pods Frameworks */,
				904760457E020FF684E01845 /* 📦 Copy Pods Resources */,
			);
			buildRules = (
			);
			dependencies = (
			);
			name = "125 项目:百思不得姐";
			productName = "125 项目:百思不得姐";
			productReference = 870DC7AD1D1B7B4E008D72ED /* 125 项目:百思不得姐.app */;
			productType = "com.apple.product-type.application";
		};
		870DC7C51D1B7B4E008D72ED /* 125 项目:百思不得姐Tests */ = {
			isa = PBXNativeTarget;
			buildConfigurationList = 870DC7DD1D1B7B4F008D72ED /* Build configuration list for PBXNativeTarget "125 项目:百思不得姐Tests" */;
			buildPhases = (
				870DC7C21D1B7B4E008D72ED /* Sources */,
				870DC7C31D1B7B4E008D72ED /* Frameworks */,
				870DC7C41D1B7B4E008D72ED /* Resources */,
			);
			buildRules = (
			);
			dependencies = (
				870DC7C81D1B7B4E008D72ED /* PBXTargetDependency */,
			);
			name = "125 项目:百思不得姐Tests";
			productName = "125 项目:百思不得姐Tests";
			productReference = 870DC7C61D1B7B4E008D72ED /* 125 项目:百思不得姐Tests.xctest */;
			productType = "com.apple.product-type.bundle.unit-test";
		};
		870DC7D01D1B7B4E008D72ED /* 125 项目:百思不得姐UITests */ = {
			isa = PBXNativeTarget;
			buildConfigurationList = 870DC7E01D1B7B4F008D72ED /* Build configuration list for PBXNativeTarget "125 项目:百思不得姐UITests" */;
			buildPhases = (
				870DC7CD1D1B7B4E008D72ED /* Sources */,
				870DC7CE1D1B7B4E008D72ED /* Frameworks */,
				870DC7CF1D1B7B4E008D72ED /* Resources */,
			);
			buildRules = (
			);
			dependencies = (
				870DC7D31D1B7B4E008D72ED /* PBXTargetDependency */,
			);
			name = "125 项目:百思不得姐UITests";
			productName = "125 项目:百思不得姐UITests";
			productReference = 870DC7D11D1B7B4E008D72ED /* 125 项目:百思不得姐UITests.xctest */;
			productType = "com.apple.product-type.bundle.ui-testing";
		};
/* End PBXNativeTarget section */

/* Begin PBXProject section */
		870DC7A51D1B7B4E008D72ED /* Project object */ = {
			isa = PBXProject;
			attributes = {
				CLASSPREFIX = WD;
				LastUpgradeCheck = 0730;
				ORGANIZATIONNAME = wudi;
				TargetAttributes = {
					870DC7AC1D1B7B4E008D72ED = {
						CreatedOnToolsVersion = 7.3;
						DevelopmentTeam = X8P99J5F96;
					};
					870DC7C51D1B7B4E008D72ED = {
						CreatedOnToolsVersion = 7.3;
						DevelopmentTeam = X8P99J5F96;
						TestTargetID = 870DC7AC1D1B7B4E008D72ED;
					};
					870DC7D01D1B7B4E008D72ED = {
						CreatedOnToolsVersion = 7.3;
						DevelopmentTeam = X8P99J5F96;
						TestTargetID = 870DC7AC1D1B7B4E008D72ED;
					};
				};
			};
			buildConfigurationList = 870DC7A81D1B7B4E008D72ED /* Build configuration list for PBXProject "125 项目:百思不得姐" */;
			compatibilityVersion = "Xcode 3.2";
			developmentRegion = English;
			hasScannedForEncodings = 0;
			knownRegions = (
				en,
				Base,
			);
			mainGroup = 870DC7A41D1B7B4E008D72ED;
			productRefGroup = 870DC7AE1D1B7B4E008D72ED /* Products */;
			projectDirPath = "";
			projectRoot = "";
			targets = (
				870DC7AC1D1B7B4E008D72ED /* 125 项目:百思不得姐 */,
				870DC7C51D1B7B4E008D72ED /* 125 项目:百思不得姐Tests */,
				870DC7D01D1B7B4E008D72ED /* 125 项目:百思不得姐UITests */,
			);
		};
/* End PBXProject section */

/* Begin PBXResourcesBuildPhase section */
		870DC7AB1D1B7B4E008D72ED /* Resources */ = {
			isa = PBXResourcesBuildPhase;
			buildActionMask = 2147483647;
			files = (
				87A97B3A1D2390E90066CCF8 /* WDLoginRegisterViewController.xib in Resources */,
				871B91AE1D30974B007CF27C /* WDChannelCellSoundView.xib in Resources */,
				87FC3C541D1D8845001013E0 /* WDLeftTableViewCell.xib in Resources */,
				87FC3C471D1D1110001013E0 /* WDRecommendViewController.xib in Resources */,
				87233BE61D26511700B0AA36 /* WDChannelCell.xib in Resources */,
				871B91B31D30A64B007CF27C /* WDChannelCellVideoView.xib in Resources */,
				87923DDC1D20C886002C496D /* WDRightTableViewCell.xib in Resources */,
				8719B5981D2E439600BB19CB /* WDPublishView.xib in Resources */,
				872938791D2B52CE00AE1509 /* WDChannelCellImageView.xib in Resources */,
				872938811D2C046200AE1509 /* WDBigImageViewController.xib in Resources */,
				87D40A371D24BE1700C54DEB /* WDGuideView.xib in Resources */,
				87FC3C421D1CE109001013E0 /* WDFriendTrendsViewController.xib in Resources */,
				87B877CD1D2266EA00C53116 /* WDRecommendTagCell.xib in Resources */,
				870DC7BD1D1B7B4E008D72ED /* Assets.xcassets in Resources */,
			);
			runOnlyForDeploymentPostprocessing = 0;
		};
		870DC7C41D1B7B4E008D72ED /* Resources */ = {
			isa = PBXResourcesBuildPhase;
			buildActionMask = 2147483647;
			files = (
			);
			runOnlyForDeploymentPostprocessing = 0;
		};
		870DC7CF1D1B7B4E008D72ED /* Resources */ = {
			isa = PBXResourcesBuildPhase;
			buildActionMask = 2147483647;
			files = (
			);
			runOnlyForDeploymentPostprocessing = 0;
		};
/* End PBXResourcesBuildPhase section */

/* Begin PBXShellScriptBuildPhase section */
		55E108E9B19665F9F759B6BA /* 📦 Check Pods Manifest.lock */ = {
			isa = PBXShellScriptBuildPhase;
			buildActionMask = 2147483647;
			files = (
			);
			inputPaths = (
			);
			name = "📦 Check Pods Manifest.lock";
			outputPaths = (
			);
			runOnlyForDeploymentPostprocessing = 0;
			shellPath = /bin/sh;
			shellScript = "diff \"${PODS_ROOT}/../Podfile.lock\" \"${PODS_ROOT}/Manifest.lock\" > /dev/null\nif [[ $? != 0 ]] ; then\n    cat << EOM\nerror: The sandbox is not in sync with the Podfile.lock. Run 'pod install' or update your CocoaPods installation.\nEOM\n    exit 1\nfi\n";
			showEnvVarsInLog = 0;
		};
		904760457E020FF684E01845 /* 📦 Copy Pods Resources */ = {
			isa = PBXShellScriptBuildPhase;
			buildActionMask = 2147483647;
			files = (
			);
			inputPaths = (
			);
			name = "📦 Copy Pods Resources";
			outputPaths = (
			);
			runOnlyForDeploymentPostprocessing = 0;
			shellPath = /bin/sh;
			shellScript = "\"${SRCROOT}/Pods/Target Support Files/Pods-125 项目:百思不得姐/Pods-125 项目:百思不得姐-resources.sh\"\n";
			showEnvVarsInLog = 0;
		};
		EA884690350E68579276C9AA /* 📦 Embed Pods Frameworks */ = {
			isa = PBXShellScriptBuildPhase;
			buildActionMask = 2147483647;
			files = (
			);
			inputPaths = (
			);
			name = "📦 Embed Pods Frameworks";
			outputPaths = (
			);
			runOnlyForDeploymentPostprocessing = 0;
			shellPath = /bin/sh;
			shellScript = "\"${SRCROOT}/Pods/Target Support Files/Pods-125 项目:百思不得姐/Pods-125 项目:百思不得姐-frameworks.sh\"\n";
			showEnvVarsInLog = 0;
		};
/* End PBXShellScriptBuildPhase section */

/* Begin PBXSourcesBuildPhase section */
		870DC7A91D1B7B4E008D72ED /* Sources */ = {
			isa = PBXSourcesBuildPhase;
			buildActionMask = 2147483647;
			files = (
				87B877CC1D2266EA00C53116 /* WDRecommendTagCell.m in Sources */,
				87233BE11D2646DD00B0AA36 /* WDConst.m in Sources */,
				87FC3C4F1D1D822A001013E0 /* WDLeftTableViewData.m in Sources */,
				8719B5961D2E438C00BB19CB /* WDPublishView.m in Sources */,
				87A97B3D1D23A46A0066CCF8 /* WDVerticalButton.m in Sources */,
				87233BE51D26511700B0AA36 /* WDChannelCell.m in Sources */,
				872938771D2B52BC00AE1509 /* WDChannelCellImageView.m in Sources */,
				870DC8311D1BDE49008D72ED /* WDNewViewController.m in Sources */,
				87B877C51D22635A00C53116 /* WDRecommendTagTableViewController.m in Sources */,
				870DC8331D1BDE49008D72ED /* UIBarButtonItem+Category.m in Sources */,
				870DC8351D1BDE49008D72ED /* UIView+Category.m in Sources */,
				87FC3C461D1D1110001013E0 /* WDRecommendViewController.m in Sources */,
				87923DDB1D20C886002C496D /* WDRightTableViewCell.m in Sources */,
				87A97B431D240DBF0066CCF8 /* WDTextFieldTwo.m in Sources */,
				871B91B11D30A640007CF27C /* WDChannelCellVideoView.m in Sources */,
				87A798891D280D5300270C80 /* WDSingleChannelController.m in Sources */,
				87A97B401D23C63C0066CCF8 /* WDTextField.m in Sources */,
				870DC8301D1BDE49008D72ED /* WDMeViewController.m in Sources */,
				870DC82E1D1BDE49008D72ED /* WDTabBar.m in Sources */,
				87A97B461D2414260066CCF8 /* WDTextFieldThree.m in Sources */,
				870DC8321D1BDE49008D72ED /* AppDelegate.m in Sources */,
				870DC82B1D1BDE49008D72ED /* WDEssenceViewController.m in Sources */,
				87FC3C531D1D8845001013E0 /* WDLeftTableViewCell.m in Sources */,
				870DC82D1D1BDE49008D72ED /* main.m in Sources */,
				87B877C81D22650B00C53116 /* WDRecommendTagData.m in Sources */,
				870DC82C1D1BDE49008D72ED /* WDFriendTrendsViewController.m in Sources */,
				870DC8341D1BDE49008D72ED /* UIImage+Category.m in Sources */,
				87A798861D27ADC600270C80 /* NSDate+WDCategory.m in Sources */,
				871B91AC1D309736007CF27C /* WDChannelCellSoundView.m in Sources */,
				87923DD71D20C5F7002C496D /* WDRightTableViewData.m in Sources */,
				87D40A351D24BE0600C54DEB /* WDGuideView.m in Sources */,
				87233BDE1D2615E500B0AA36 /* WDChannelCellData.m in Sources */,
				87FC3C401D1CC8C7001013E0 /* WDNavigationController.m in Sources */,
				872938801D2C046200AE1509 /* WDBigImageViewController.m in Sources */,
				870DC8381D1BE5FF008D72ED /* WDTabBarController.m in Sources */,
				8729387C1D2BB7AA00AE1509 /* WDProgressView.m in Sources */,
				87A97B391D2390E90066CCF8 /* WDLoginRegisterViewController.m in Sources */,
			);
			runOnlyForDeploymentPostprocessing = 0;
		};
		870DC7C21D1B7B4E008D72ED /* Sources */ = {
			isa = PBXSourcesBuildPhase;
			buildActionMask = 2147483647;
			files = (
				870DC7CB1D1B7B4E008D72ED /* _25_________Tests.m in Sources */,
			);
			runOnlyForDeploymentPostprocessing = 0;
		};
		870DC7CD1D1B7B4E008D72ED /* Sources */ = {
			isa = PBXSourcesBuildPhase;
			buildActionMask = 2147483647;
			files = (
				870DC7D61D1B7B4E008D72ED /* _25_________UITests.m in Sources */,
			);
			runOnlyForDeploymentPostprocessing = 0;
		};
/* End PBXSourcesBuildPhase section */

/* Begin PBXTargetDependency section */
		870DC7C81D1B7B4E008D72ED /* PBXTargetDependency */ = {
			isa = PBXTargetDependency;
			target = 870DC7AC1D1B7B4E008D72ED /* 125 项目:百思不得姐 */;
			targetProxy = 870DC7C71D1B7B4E008D72ED /* PBXContainerItemProxy */;
		};
		870DC7D31D1B7B4E008D72ED /* PBXTargetDependency */ = {
			isa = PBXTargetDependency;
			target = 870DC7AC1D1B7B4E008D72ED /* 125 项目:百思不得姐 */;
			targetProxy = 870DC7D21D1B7B4E008D72ED /* PBXContainerItemProxy */;
		};
/* End PBXTargetDependency section */

/* Begin XCBuildConfiguration section */
		870DC7D81D1B7B4E008D72ED /* Debug */ = {
			isa = XCBuildConfiguration;
			buildSettings = {
				ALWAYS_SEARCH_USER_PATHS = NO;
				CLANG_ANALYZER_NONNULL = YES;
				CLANG_CXX_LANGUAGE_STANDARD = "gnu++0x";
				CLANG_CXX_LIBRARY = "libc++";
				CLANG_ENABLE_MODULES = YES;
				CLANG_ENABLE_OBJC_ARC = YES;
				CLANG_WARN_BOOL_CONVERSION = YES;
				CLANG_WARN_CONSTANT_CONVERSION = YES;
				CLANG_WARN_DIRECT_OBJC_ISA_USAGE = YES_ERROR;
				CLANG_WARN_EMPTY_BODY = YES;
				CLANG_WARN_ENUM_CONVERSION = YES;
				CLANG_WARN_INT_CONVERSION = YES;
				CLANG_WARN_OBJC_ROOT_CLASS = YES_ERROR;
				CLANG_WARN_UNREACHABLE_CODE = YES;
				CLANG_WARN__DUPLICATE_METHOD_MATCH = YES;
				"CODE_SIGN_IDENTITY[sdk=iphoneos*]" = "iPhone Developer";
				COPY_PHASE_STRIP = NO;
				DEBUG_INFORMATION_FORMAT = dwarf;
				ENABLE_STRICT_OBJC_MSGSEND = YES;
				ENABLE_TESTABILITY = YES;
				GCC_C_LANGUAGE_STANDARD = gnu99;
				GCC_DYNAMIC_NO_PIC = NO;
				GCC_NO_COMMON_BLOCKS = YES;
				GCC_OPTIMIZATION_LEVEL = 0;
				GCC_PREPROCESSOR_DEFINITIONS = (
					"DEBUG=1",
					"$(inherited)",
				);
				GCC_WARN_64_TO_32_BIT_CONVERSION = YES;
				GCC_WARN_ABOUT_RETURN_TYPE = YES_ERROR;
				GCC_WARN_UNDECLARED_SELECTOR = YES;
				GCC_WARN_UNINITIALIZED_AUTOS = YES_AGGRESSIVE;
				GCC_WARN_UNUSED_FUNCTION = YES;
				GCC_WARN_UNUSED_VARIABLE = YES;
				IPHONEOS_DEPLOYMENT_TARGET = 9.3;
				MTL_ENABLE_DEBUG_INFO = YES;
				ONLY_ACTIVE_ARCH = YES;
				SDKROOT = iphoneos;
			};
			name = Debug;
		};
		870DC7D91D1B7B4E008D72ED /* Release */ = {
			isa = XCBuildConfiguration;
			buildSettings = {
				ALWAYS_SEARCH_USER_PATHS = NO;
				CLANG_ANALYZER_NONNULL = YES;
				CLANG_CXX_LANGUAGE_STANDARD = "gnu++0x";
				CLANG_CXX_LIBRARY = "libc++";
				CLANG_ENABLE_MODULES = YES;
				CLANG_ENABLE_OBJC_ARC = YES;
				CLANG_WARN_BOOL_CONVERSION = YES;
				CLANG_WARN_CONSTANT_CONVERSION = YES;
				CLANG_WARN_DIRECT_OBJC_ISA_USAGE = YES_ERROR;
				CLANG_WARN_EMPTY_BODY = YES;
				CLANG_WARN_ENUM_CONVERSION = YES;
				CLANG_WARN_INT_CONVERSION = YES;
				CLANG_WARN_OBJC_ROOT_CLASS = YES_ERROR;
				CLANG_WARN_UNREACHABLE_CODE = YES;
				CLANG_WARN__DUPLICATE_METHOD_MATCH = YES;
				"CODE_SIGN_IDENTITY[sdk=iphoneos*]" = "iPhone Developer";
				COPY_PHASE_STRIP = NO;
				DEBUG_INFORMATION_FORMAT = "dwarf-with-dsym";
				ENABLE_NS_ASSERTIONS = NO;
				ENABLE_STRICT_OBJC_MSGSEND = YES;
				GCC_C_LANGUAGE_STANDARD = gnu99;
				GCC_NO_COMMON_BLOCKS = YES;
				GCC_WARN_64_TO_32_BIT_CONVERSION = YES;
				GCC_WARN_ABOUT_RETURN_TYPE = YES_ERROR;
				GCC_WARN_UNDECLARED_SELECTOR = YES;
				GCC_WARN_UNINITIALIZED_AUTOS = YES_AGGRESSIVE;
				GCC_WARN_UNUSED_FUNCTION = YES;
				GCC_WARN_UNUSED_VARIABLE = YES;
				IPHONEOS_DEPLOYMENT_TARGET = 9.3;
				MTL_ENABLE_DEBUG_INFO = NO;
				SDKROOT = iphoneos;
				VALIDATE_PRODUCT = YES;
			};
			name = Release;
		};
		870DC7DB1D1B7B4E008D72ED /* Debug */ = {
			isa = XCBuildConfiguration;
			baseConfigurationReference = 45BDA33819051C87F270AB8C /* Pods-125 项目:百思不得姐.debug.xcconfig */;
			buildSettings = {
				ASSETCATALOG_COMPILER_APPICON_NAME = AppIcon;
				ASSETCATALOG_COMPILER_LAUNCHIMAGE_NAME = LanchImage;
				GCC_PREFIX_HEADER = "125 项目:百思不得姐/Other-其他/PrefixHeader.pch";
				INFOPLIST_FILE = "125 项目:百思不得姐/Info.plist";
				LD_RUNPATH_SEARCH_PATHS = "$(inherited) @executable_path/Frameworks";
				PRODUCT_BUNDLE_IDENTIFIER = "edu.nwsuaf.-25---------";
				PRODUCT_NAME = "$(TARGET_NAME)";
			};
			name = Debug;
		};
		870DC7DC1D1B7B4E008D72ED /* Release */ = {
			isa = XCBuildConfiguration;
			baseConfigurationReference = 94A422950F40C8237F26E0F1 /* Pods-125 项目:百思不得姐.release.xcconfig */;
			buildSettings = {
				ASSETCATALOG_COMPILER_APPICON_NAME = AppIcon;
				ASSETCATALOG_COMPILER_LAUNCHIMAGE_NAME = LanchImage;
				GCC_PREFIX_HEADER = "125 项目:百思不得姐/Other-其他/PrefixHeader.pch";
				INFOPLIST_FILE = "125 项目:百思不得姐/Info.plist";
				LD_RUNPATH_SEARCH_PATHS = "$(inherited) @executable_path/Frameworks";
				PRODUCT_BUNDLE_IDENTIFIER = "edu.nwsuaf.-25---------";
				PRODUCT_NAME = "$(TARGET_NAME)";
			};
			name = Release;
		};
		870DC7DE1D1B7B4F008D72ED /* Debug */ = {
			isa = XCBuildConfiguration;
			buildSettings = {
				BUNDLE_LOADER = "$(TEST_HOST)";
				INFOPLIST_FILE = "125 项目:百思不得姐Tests/Info.plist";
				LD_RUNPATH_SEARCH_PATHS = "$(inherited) @executable_path/Frameworks @loader_path/Frameworks";
				PRODUCT_BUNDLE_IDENTIFIER = "edu.nwsuaf.-25---------Tests";
				PRODUCT_NAME = "$(TARGET_NAME)";
				TEST_HOST = "$(BUILT_PRODUCTS_DIR)/125 项目:百思不得姐.app/125 项目:百思不得姐";
			};
			name = Debug;
		};
		870DC7DF1D1B7B4F008D72ED /* Release */ = {
			isa = XCBuildConfiguration;
			buildSettings = {
				BUNDLE_LOADER = "$(TEST_HOST)";
				INFOPLIST_FILE = "125 项目:百思不得姐Tests/Info.plist";
				LD_RUNPATH_SEARCH_PATHS = "$(inherited) @executable_path/Frameworks @loader_path/Frameworks";
				PRODUCT_BUNDLE_IDENTIFIER = "edu.nwsuaf.-25---------Tests";
				PRODUCT_NAME = "$(TARGET_NAME)";
				TEST_HOST = "$(BUILT_PRODUCTS_DIR)/125 项目:百思不得姐.app/125 项目:百思不得姐";
			};
			name = Release;
		};
		870DC7E11D1B7B4F008D72ED /* Debug */ = {
			isa = XCBuildConfiguration;
			buildSettings = {
				INFOPLIST_FILE = "125 项目:百思不得姐UITests/Info.plist";
				LD_RUNPATH_SEARCH_PATHS = "$(inherited) @executable_path/Frameworks @loader_path/Frameworks";
				PRODUCT_BUNDLE_IDENTIFIER = "edu.nwsuaf.-25---------UITests";
				PRODUCT_NAME = "$(TARGET_NAME)";
				TEST_TARGET_NAME = "125 项目:百思不得姐";
			};
			name = Debug;
		};
		870DC7E21D1B7B4F008D72ED /* Release */ = {
			isa = XCBuildConfiguration;
			buildSettings = {
				INFOPLIST_FILE = "125 项目:百思不得姐UITests/Info.plist";
				LD_RUNPATH_SEARCH_PATHS = "$(inherited) @executable_path/Frameworks @loader_path/Frameworks";
				PRODUCT_BUNDLE_IDENTIFIER = "edu.nwsuaf.-25---------UITests";
				PRODUCT_NAME = "$(TARGET_NAME)";
				TEST_TARGET_NAME = "125 项目:百思不得姐";
			};
			name = Release;
		};
/* End XCBuildConfiguration section */

/* Begin XCConfigurationList section */
		870DC7A81D1B7B4E008D72ED /* Build configuration list for PBXProject "125 项目:百思不得姐" */ = {
			isa = XCConfigurationList;
			buildConfigurations = (
				870DC7D81D1B7B4E008D72ED /* Debug */,
				870DC7D91D1B7B4E008D72ED /* Release */,
			);
			defaultConfigurationIsVisible = 0;
			defaultConfigurationName = Release;
		};
		870DC7DA1D1B7B4E008D72ED /* Build configuration list for PBXNativeTarget "125 项目:百思不得姐" */ = {
			isa = XCConfigurationList;
			buildConfigurations = (
				870DC7DB1D1B7B4E008D72ED /* Debug */,
				870DC7DC1D1B7B4E008D72ED /* Release */,
			);
			defaultConfigurationIsVisible = 0;
			defaultConfigurationName = Release;
		};
		870DC7DD1D1B7B4F008D72ED /* Build configuration list for PBXNativeTarget "125 项目:百思不得姐Tests" */ = {
			isa = XCConfigurationList;
			buildConfigurations = (
				870DC7DE1D1B7B4F008D72ED /* Debug */,
				870DC7DF1D1B7B4F008D72ED /* Release */,
			);
			defaultConfigurationIsVisible = 0;
			defaultConfigurationName = Release;
		};
		870DC7E01D1B7B4F008D72ED /* Build configuration list for PBXNativeTarget "125 项目:百思不得姐UITests" */ = {
			isa = XCConfigurationList;
			buildConfigurations = (
				870DC7E11D1B7B4F008D72ED /* Debug */,
				870DC7E21D1B7B4F008D72ED /* Release */,
			);
			defaultConfigurationIsVisible = 0;
			defaultConfigurationName = Release;
		};
/* End XCConfigurationList section */
	};
	rootObject = 870DC7A51D1B7B4E008D72ED /* Project object */;
}
